PODS:
  - Alamofire (4.4.0)
  - HDAugmentedReality (2.0.0)

DEPENDENCIES:
  - Alamofire (~> 4.4)
  - HDAugmentedReality (~> 2.0)

SPEC CHECKSUMS:
  Alamofire: dc44b1600b800eb63da6a19039a0083d62a6a62d
  HDAugmentedReality: 6548c4197828eb9ae98ec203c56ebd5e535396b5

PODFILE CHECKSUM: a4ad20b5404e6eec0e224577e1b034bafe7adc22

COCOAPODS: 1.2.1
